{
  "version": 4,
  "terraform_version": "1.15.6",
  "serial": 3,
  "lineage": "71bd8318-172d-e666-2f3a-44194f5157c7",
  "outputs": {},
  "resources": [
    {
      "mode": "managed",
      "type": "helm_release",
      "name": "vault",
      "provider": "provider[\"registry.terraform.io/hashicorp/helm\"]",
      "instances": [
        {
          "schema_version": 2,
          "attributes": {
            "atomic": false,
            "chart": "vault",
            "cleanup_on_fail": false,
            "create_namespace": false,
            "dependency_update": false,
            "description": null,
            "devel": null,
            "disable_crd_hooks": false,
            "disable_openapi_validation": false,
            "disable_webhooks": false,
            "force_update": false,
            "id": "vault",
            "keyring": null,
            "lint": false,
            "manifest": null,
            "max_history": 0,
            "metadata": {
              "app_version": "2.0.2",
              "chart": "vault",
              "first_deployed": 1782049001,
              "last_deployed": 1782049001,
              "name": "vault",
              "namespace": "vault",
              "notes": "\nThank you for installing HashiCorp Vault!\n\nNow that you have deployed Vault, you should look over the docs on using\nVault with Kubernetes available here:\n\nhttps://developer.hashicorp.com/vault/docs\n\n\nYour release is named vault. To learn more about the release, try:\n\n  $ helm status vault\n  $ helm get manifest vault\n\n",
              "revision": 1,
              "values": "{\"global\":{\"enabled\":true,\"tlsDisable\":true},\"injector\":{\"enabled\":true,\"replicas\":1},\"server\":{\"auditStorage\":{\"accessMode\":\"ReadWriteOnce\",\"enabled\":true,\"mountPath\":\"/vault/audit\",\"size\":\"1Gi\"},\"dataStorage\":{\"accessMode\":\"ReadWriteOnce\",\"enabled\":true,\"mountPath\":\"/vault/data\",\"size\":\"5Gi\"},\"dev\":{\"enabled\":false},\"enabled\":true,\"ha\":{\"enabled\":true,\"raft\":{\"config\":\"ui = true\\n\\nlistener \\\"tcp\\\" {\\n  address = \\\"[::]:8200\\\"\\n  cluster_address = \\\"[::]:8201\\\"\\n  tls_disable = 1\\n}\\n\\nstorage \\\"raft\\\" {\\n  path = \\\"/vault/data\\\"\\n\\n  retry_join {\\n    leader_api_addr = \\\"http://vault-0.vault-internal:8200\\\"\\n  }\\n\\n  retry_join {\\n    leader_api_addr = \\\"http://vault-1.vault-internal:8200\\\"\\n  }\\n\\n  retry_join {\\n    leader_api_addr = \\\"http://vault-2.vault-internal:8200\\\"\\n  }\\n}\\n\\nservice_registration \\\"kubernetes\\\" {}\\n\",\"enabled\":true,\"setNodeId\":true},\"replicas\":3},\"standalone\":{\"enabled\":false}},\"ui\":{\"enabled\":true,\"externalPort\":8200,\"serviceType\":\"ClusterIP\"}}",
              "version": "0.33.0"
            },
            "name": "vault",
            "namespace": "vault",
            "pass_credentials": false,
            "postrender": null,
            "recreate_pods": false,
            "render_subchart_notes": true,
            "replace": false,
            "repository": "https://helm.releases.hashicorp.com",
            "repository_ca_file": null,
            "repository_cert_file": null,
            "repository_key_file": null,
            "repository_password": null,
            "repository_username": null,
            "reset_values": false,
            "resources": null,
            "reuse_values": false,
            "set": null,
            "set_list": null,
            "set_sensitive": null,
            "set_wo": null,
            "set_wo_revision": null,
            "skip_crds": false,
            "status": "deployed",
            "take_ownership": false,
            "timeout": 600,
            "timeouts": null,
            "upgrade_install": false,
            "values": [
              "global:\n  enabled: true\n  tlsDisable: true\n\nserver:\n  enabled: true\n\n  dev:\n    enabled: false\n\n  standalone:\n    enabled: false\n\n  ha:\n    enabled: true\n    replicas: 3\n\n    raft:\n      enabled: true\n      setNodeId: true\n\n      config: |\n        ui = true\n\n        listener \"tcp\" {\n          address = \"[::]:8200\"\n          cluster_address = \"[::]:8201\"\n          tls_disable = 1\n        }\n\n        storage \"raft\" {\n          path = \"/vault/data\"\n\n          retry_join {\n            leader_api_addr = \"http://vault-0.vault-internal:8200\"\n          }\n\n          retry_join {\n            leader_api_addr = \"http://vault-1.vault-internal:8200\"\n          }\n\n          retry_join {\n            leader_api_addr = \"http://vault-2.vault-internal:8200\"\n          }\n        }\n\n        service_registration \"kubernetes\" {}\n\n  dataStorage:\n    enabled: true\n    size: 5Gi\n    mountPath: \"/vault/data\"\n    accessMode: ReadWriteOnce\n\n  auditStorage:\n    enabled: true\n    size: 1Gi\n    mountPath: \"/vault/audit\"\n    accessMode: ReadWriteOnce\n\ninjector:\n  enabled: true\n  replicas: 1\n\nui:\n  enabled: true\n  serviceType: ClusterIP\n  externalPort: 8200"
            ],
            "verify": false,
            "version": "0.33.0",
            "wait": true,
            "wait_for_jobs": false
          },
          "sensitive_attributes": [
            [
              {
                "type": "get_attr",
                "value": "repository_password"
              }
            ]
          ],
          "identity_schema_version": 0,
          "identity": {
            "namespace": "vault",
            "release_name": "vault"
          },
          "dependencies": [
            "kubernetes_namespace_v1.vault"
          ]
        }
      ]
    },
    {
      "mode": "managed",
      "type": "kubernetes_namespace_v1",
      "name": "vault",
      "provider": "provider[\"registry.terraform.io/hashicorp/kubernetes\"]",
      "instances": [
        {
          "schema_version": 0,
          "attributes": {
            "id": "vault",
            "metadata": [
              {
                "annotations": null,
                "generate_name": "",
                "generation": 0,
                "labels": null,
                "name": "vault",
                "resource_version": "33199",
                "uid": "3d364310-1a8c-4385-b29c-52cb6a4d4289"
              }
            ],
            "timeouts": null,
            "wait_for_default_service_account": false
          },
          "sensitive_attributes": [],
          "identity_schema_version": 1,
          "identity": {
            "api_version": "v1",
            "kind": "Namespace",
            "name": "vault"
          },
          "private": "eyJlMmJmYjczMC1lY2FhLTExZTYtOGY4OC0zNDM2M2JjN2M0YzAiOnsiZGVsZXRlIjozMDAwMDAwMDAwMDB9fQ=="
        }
      ]
    }
  ],
  "check_results": null
}
